
Microsoft Visual Studio Solution File, Format Version 12.00
# Visual Studio Version 16
VisualStudioVersion = 16.0.30907.101
MinimumVisualStudioVersion = 10.0.40219.1
Project("{FAE04EC0-301F-11D3-BF4B-00C04F79EFBC}") = "Cake.VSProjectProperty.Test", "Cake.VSProjectProperty.Test\Cake.VSProjectProperty.Test.csproj", "{3336F918-2C33-4C70-8F7D-9D5B462C5A8E}"
EndProject
Project("{FAE04EC0-301F-11D3-BF4B-00C04F79EFBC}") = "Cake.VSProjectProperty", "Cake.VSProjectProperty\Cake.VSProjectProperty.csproj", "{68CE9A3C-5A5E-4829-A838-0F792E355D66}"
EndProject
Global
	GlobalSection(SolutionConfigurationPlatforms) = preSolution
		Debug|Any CPU = Debug|Any CPU
		Release|Any CPU = Release|Any CPU
	EndGlobalSection
	GlobalSection(ProjectConfigurationPlatforms) = postSolution
		{3336F918-2C33-4C70-8F7D-9D5B462C5A8E}.Debug|Any CPU.ActiveCfg = Debug|Any CPU
		{3336F918-2C33-4C70-8F7D-9D5B462C5A8E}.Debug|Any CPU.Build.0 = Debug|Any CPU
		{3336F918-2C33-4C70-8F7D-9D5B462C5A8E}.Release|Any CPU.ActiveCfg = Release|Any CPU
		{3336F918-2C33-4C70-8F7D-9D5B462C5A8E}.Release|Any CPU.Build.0 = Release|Any CPU
		{68CE9A3C-5A5E-4829-A838-0F792E355D66}.Debug|Any CPU.ActiveCfg = Debug|Any CPU
		{68CE9A3C-5A5E-4829-A838-0F792E355D66}.Debug|Any CPU.Build.0 = Debug|Any CPU
		{68CE9A3C-5A5E-4829-A838-0F792E355D66}.Release|Any CPU.ActiveCfg = Release|Any CPU
		{68CE9A3C-5A5E-4829-A838-0F792E355D66}.Release|Any CPU.Build.0 = Release|Any CPU
	EndGlobalSection
	GlobalSection(SolutionProperties) = preSolution
		HideSolutionNode = FALSE
	EndGlobalSection
	GlobalSection(ExtensibilityGlobals) = postSolution
		SolutionGuid = {4BACAB01-F700-41B4-83FF-E593E82E6074}
	EndGlobalSection
EndGlobal
